#MicroXplorer Configuration settings - do not modify
CAN1.BS1=CAN_BS1_11TQ
CAN1.BS2=CAN_BS2_4TQ
CAN1.CalculateTimeBit=2000
CAN1.CalculateTimeQuantum=125.0
CAN1.IPParameters=CalculateTimeQuantum,CalculateTimeBit,BS1,Prescaler,Mode,BS2
CAN1.Mode=CAN_MODE_NORMAL
CAN1.Prescaler=1
CAN2.BS1=CAN_BS1_11TQ
CAN2.BS2=CAN_BS2_4TQ
CAN2.CalculateTimeBit=2000
CAN2.CalculateTimeQuantum=125.0
CAN2.IPParameters=CalculateTimeQuantum,CalculateTimeBit,Prescaler,BS1,BS2
CAN2.Prescaler=1
FREERTOS.IPParameters=Tasks01,configTIMER_TASK_PRIORITY
FREERTOS.Tasks01=defaultTask,24,128,StartDefaultTask,Default,NULL,Dynamic,NULL,NULL
FREERTOS.configTIMER_TASK_PRIORITY=50
File.Version=6
GPIO.groupedBy=Group By Peripherals
KeepUserPlacement=false
Mcu.Family=STM32F1
Mcu.IP0=CAN1
Mcu.IP1=CAN2
Mcu.IP2=FREERTOS
Mcu.IP3=NVIC
Mcu.IP4=RCC
Mcu.IP5=SYS
Mcu.IP6=TIM4
Mcu.IP7=USART3
Mcu.IPNb=8
Mcu.Name=STM32F105R(8-B-C)Tx
Mcu.Package=LQFP64
Mcu.Pin0=PC1
Mcu.Pin1=PA1
Mcu.Pin10=PB13
Mcu.Pin11=PC9
Mcu.Pin12=PA11
Mcu.Pin13=PA12
Mcu.Pin14=PC10
Mcu.Pin15=PC11
Mcu.Pin16=PC12
Mcu.Pin17=PB5
Mcu.Pin18=PB6
Mcu.Pin19=PB7
Mcu.Pin2=PA2
Mcu.Pin20=PB8
Mcu.Pin21=PB9
Mcu.Pin22=VP_FREERTOS_VS_CMSIS_V2
Mcu.Pin23=VP_SYS_VS_ND
Mcu.Pin24=VP_SYS_VS_tim6
Mcu.Pin25=VP_TIM4_VS_no_output2
Mcu.Pin3=PA6
Mcu.Pin4=PA7
Mcu.Pin5=PB1
Mcu.Pin6=PB2
Mcu.Pin7=PB10
Mcu.Pin8=PB11
Mcu.Pin9=PB12
Mcu.PinsNb=26
Mcu.ThirdPartyNb=0
Mcu.UserConstants=
Mcu.UserName=STM32F105RCTx
MxCube.Version=6.0.1
MxDb.Version=DB.6.0.0
NVIC.BusFault_IRQn=true\:0\:0\:false\:false\:true\:false\:false\:false
NVIC.CAN1_RX0_IRQn=true\:3\:0\:true\:false\:true\:false\:true\:true
NVIC.CAN1_RX1_IRQn=true\:3\:0\:true\:false\:true\:false\:true\:true
NVIC.CAN2_RX0_IRQn=true\:3\:0\:true\:false\:true\:false\:true\:true
NVIC.CAN2_RX1_IRQn=true\:3\:0\:true\:false\:true\:false\:true\:true
NVIC.DebugMonitor_IRQn=true\:0\:0\:false\:false\:true\:false\:false\:false
NVIC.ForceEnableDMAVector=true
NVIC.HardFault_IRQn=true\:0\:0\:false\:false\:true\:false\:false\:false
NVIC.MemoryManagement_IRQn=true\:0\:0\:false\:false\:true\:false\:false\:false
NVIC.NonMaskableInt_IRQn=true\:0\:0\:false\:false\:true\:false\:false\:false
NVIC.PendSV_IRQn=true\:0\:0\:false\:false\:false\:false\:false\:false
NVIC.PriorityGroup=NVIC_PRIORITYGROUP_4
NVIC.SVCall_IRQn=true\:0\:0\:false\:false\:false\:false\:false\:false
NVIC.SavedPendsvIrqHandlerGenerated=true
NVIC.SavedSvcallIrqHandlerGenerated=true
NVIC.SavedSystickIrqHandlerGenerated=true
NVIC.SysTick_IRQn=true\:0\:0\:false\:false\:false\:false\:false\:false
NVIC.TIM6_IRQn=true\:0\:0\:false\:false\:true\:false\:false\:true
NVIC.TimeBase=TIM6_IRQn
NVIC.TimeBaseIP=TIM6
NVIC.UsageFault_IRQn=true\:0\:0\:false\:false\:true\:false\:false\:false
PA1.GPIOParameters=GPIO_Label
PA1.GPIO_Label=HVA_P
PA1.Locked=true
PA1.Signal=GPIO_Output
PA11.GPIOParameters=GPIO_PuPd,GPIO_Label
PA11.GPIO_Label=CAN2_RX
PA11.GPIO_PuPd=GPIO_PULLUP
PA11.Mode=Master
PA11.Signal=CAN1_RX
PA12.GPIOParameters=GPIO_Label
PA12.GPIO_Label=CAN2_TX
PA12.Mode=Master
PA12.Signal=CAN1_TX
PA2.GPIOParameters=GPIO_Label
PA2.GPIO_Label=HVB_N
PA2.Locked=true
PA2.Signal=GPIO_Output
PA6.GPIOParameters=GPIO_Label
PA6.GPIO_Label=HVA_N
PA6.Locked=true
PA6.Signal=GPIO_Output
PA7.GPIOParameters=GPIO_Label
PA7.GPIO_Label=FAN
PA7.Locked=true
PA7.Signal=GPIO_Output
PB1.GPIOParameters=GPIO_Label
PB1.GPIO_Label=PRECHG
PB1.Locked=true
PB1.Signal=GPIO_Output
PB10.Mode=Asynchronous
PB10.Signal=USART3_TX
PB11.Mode=Asynchronous
PB11.Signal=USART3_RX
PB12.GPIOParameters=GPIO_PuPd
PB12.GPIO_PuPd=GPIO_PULLUP
PB12.Mode=Slave
PB12.Signal=CAN2_RX
PB13.Mode=Slave
PB13.Signal=CAN2_TX
PB2.GPIOParameters=GPIO_Label
PB2.GPIO_Label=ALARM_CTRL
PB2.Locked=true
PB2.Signal=GPIO_Output
PB5.GPIOParameters=GPIO_Label
PB5.GPIO_Label=IDC_ALARM
PB5.Locked=true
PB5.Signal=GPIO_Input
PB6.GPIOParameters=GPIO_Label
PB6.GPIO_Label=BMS_CTRL
PB6.Locked=true
PB6.Signal=GPIO_Output
PB7.GPIOParameters=GPIO_Label
PB7.GPIO_Label=BUZZER
PB7.Locked=true
PB7.Signal=S_TIM4_CH2
PB8.GPIOParameters=GPIO_PuPd,GPIO_Label,GPIO_ModeDefaultOutputPP
PB8.GPIO_Label=LED0
PB8.GPIO_ModeDefaultOutputPP=GPIO_MODE_OUTPUT_PP
PB8.GPIO_PuPd=GPIO_PULLDOWN
PB8.Locked=true
PB8.Signal=GPIO_Output
PB9.GPIOParameters=GPIO_PuPd,GPIO_Label,GPIO_ModeDefaultOutputPP
PB9.GPIO_Label=LED1
PB9.GPIO_ModeDefaultOutputPP=GPIO_MODE_OUTPUT_PP
PB9.GPIO_PuPd=GPIO_PULLDOWN
PB9.Locked=true
PB9.Signal=GPIO_Output
PC1.GPIOParameters=GPIO_Label
PC1.GPIO_Label=HVB_P
PC1.Locked=true
PC1.Signal=GPIO_Output
PC10.GPIOParameters=GPIO_Label
PC10.GPIO_Label=SD_CLK
PC10.Locked=true
PC10.Signal=GPIO_Output
PC11.GPIOParameters=GPIO_Label
PC11.GPIO_Label=SD_DO
PC11.Locked=true
PC11.Signal=GPIO_Input
PC12.GPIOParameters=GPIO_Label
PC12.GPIO_Label=SD_CS
PC12.Locked=true
PC12.Signal=GPIO_Output
PC9.GPIOParameters=GPIO_Label
PC9.GPIO_Label=SD_DI
PC9.Locked=true
PC9.Signal=GPIO_Output
PinOutPanel.RotationAngle=0
ProjectManager.AskForMigrate=true
ProjectManager.BackupPrevious=false
ProjectManager.CompilerOptimize=6
ProjectManager.ComputerToolchain=false
ProjectManager.CoupleFile=true
ProjectManager.CustomerFirmwarePackage=
ProjectManager.DefaultFWLocation=true
ProjectManager.DeletePrevious=true
ProjectManager.DeviceId=STM32F105RCTx
ProjectManager.FirmwarePackage=STM32Cube FW_F1 V1.8.2
ProjectManager.FreePins=false
ProjectManager.HalAssertFull=true
ProjectManager.HeapSize=0x200
ProjectManager.KeepUserCode=true
ProjectManager.LastFirmware=false
ProjectManager.LibraryCopy=1
ProjectManager.MainLocation=Core/Src
ProjectManager.NoMain=false
ProjectManager.PreviousToolchain=
ProjectManager.ProjectBuild=false
ProjectManager.ProjectFileName=QUTMS_AMS.ioc
ProjectManager.ProjectName=QUTMS_AMS
ProjectManager.RegisterCallBack=
ProjectManager.StackSize=0x400
ProjectManager.TargetToolchain=STM32CubeIDE
ProjectManager.ToolChainLocation=
ProjectManager.UnderRoot=true
ProjectManager.functionlistsort=1-MX_GPIO_Init-GPIO-false-HAL-true,2-SystemClock_Config-RCC-false-HAL-false,3-MX_CAN1_Init-CAN1-false-HAL-true,4-MX_USART3_UART_Init-USART3-false-HAL-true,5-MX_TIM4_Init-TIM4-false-HAL-true,6-MX_CAN2_Init-CAN2-false-HAL-true
RCC.FamilyName=M
RCC.IPParameters=FamilyName,PLLCLKFreq_Value,TimSysFreq_Value,USBFreq_Value
RCC.PLLCLKFreq_Value=16000000
RCC.TimSysFreq_Value=8000000
RCC.USBFreq_Value=10666666.666666666
SH.S_TIM4_CH2.0=TIM4_CH2
SH.S_TIM4_CH2.ConfNb=1
TIM4.Channel-PWM\ Generation2\ No\ Output=TIM_CHANNEL_2
TIM4.IPParameters=Channel-PWM Generation2 No Output
USART3.BaudRate=115200
USART3.IPParameters=VirtualMode,BaudRate
USART3.VirtualMode=VM_ASYNC
VP_FREERTOS_VS_CMSIS_V2.Mode=CMSIS_V2
VP_FREERTOS_VS_CMSIS_V2.Signal=FREERTOS_VS_CMSIS_V2
VP_SYS_VS_ND.Mode=No_Debug
VP_SYS_VS_ND.Signal=SYS_VS_ND
VP_SYS_VS_tim6.Mode=TIM6
VP_SYS_VS_tim6.Signal=SYS_VS_tim6
VP_TIM4_VS_no_output2.Mode=PWM Generation2 No Output
VP_TIM4_VS_no_output2.Signal=TIM4_VS_no_output2
board=custom
isbadioc=false
